// !$*UTF8*$!
{
	archiveVersion = 1;
	classes = {
	};
	objectVersion = 50;
	objects = {

/* Begin PBXBuildFile section */
		A0B601E1234679CF00C5DC81 /* AppDelegate.swift in Sources */ = {isa = PBXBuildFile; fileRef = A0B601E0234679CF00C5DC81 /* AppDelegate.swift */; };
		A0B601E3234679CF00C5DC81 /* ViewController.swift in Sources */ = {isa = PBXBuildFile; fileRef = A0B601E2234679CF00C5DC81 /* ViewController.swift */; };
		A0B601E6234679CF00C5DC81 /* Main.storyboard in Resources */ = {isa = PBXBuildFile; fileRef = A0B601E4234679CF00C5DC81 /* Main.storyboard */; };
		A0B601E8234679D000C5DC81 /* Assets.xcassets in Resources */ = {isa = PBXBuildFile; fileRef = A0B601E7234679D000C5DC81 /* Assets.xcassets */; };
		A0B601EB234679D000C5DC81 /* LaunchScreen.storyboard in Resources */ = {isa = PBXBuildFile; fileRef = A0B601E9234679D000C5DC81 /* LaunchScreen.storyboard */; };
		A0B601F6234679D000C5DC81 /* testTests.swift in Sources */ = {isa = PBXBuildFile; fileRef = A0B601F5234679D000C5DC81 /* testTests.swift */; };
		A0B60201234679D000C5DC81 /* testUITests.swift in Sources */ = {isa = PBXBuildFile; fileRef = A0B60200234679D000C5DC81 /* testUITests.swift */; };
/* End PBXBuildFile section */

/* Begin PBXContainerItemProxy section */
		A0B601F2234679D000C5DC81 /* PBXContainerItemProxy */ = {
			isa = PBXContainerItemProxy;
			containerPortal = A0B601D5234679CF00C5DC81 /* Project object */;
			proxyType = 1;
			remoteGlobalIDString = A0B601DC234679CF00C5DC81;
			remoteInfo = test;
		};
		A0B601FD234679D000C5DC81 /* PBXContainerItemProxy */ = {
			isa = PBXContainerItemProxy;
			containerPortal = A0B601D5234679CF00C5DC81 /* Project object */;
			proxyType = 1;
			remoteGlobalIDString = A0B601DC234679CF00C5DC81;
			remoteInfo = test;
		};
/* End PBXContainerItemProxy section */

/* Begin PBXFileReference section */
		A0B601DD234679CF00C5DC81 /* test.app */ = {isa = PBXFileReference; explicitFileType = wrapper.application; includeInIndex = 0; path = test.app; sourceTree = BUILT_PRODUCTS_DIR; };
		A0B601E0234679CF00C5DC81 /* AppDelegate.swift */ = {isa = PBXFileReference; lastKnownFileType = sourcecode.swift; path = AppDelegate.swift; sourceTree = "<group>"; };
		A0B601E2234679CF00C5DC81 /* ViewController.swift */ = {isa = PBXFileReference; lastKnownFileType = sourcecode.swift; path = ViewController.swift; sourceTree = "<group>"; };
		A0B601E5234679CF00C5DC81 /* Base */ = {isa = PBXFileReference; lastKnownFileType = file.storyboard; name = Base; path = Base.lproj/Main.storyboard; sourceTree = "<group>"; };
		A0B601E7234679D000C5DC81 /* Assets.xcassets */ = {isa = PBXFileReference; lastKnownFileType = folder.assetcatalog; path = Assets.xcassets; sourceTree = "<group>"; };
		A0B601EA234679D000C5DC81 /* Base */ = {isa = PBXFileReference; lastKnownFileType = file.storyboard; name = Base; path = Base.lproj/LaunchScreen.storyboard; sourceTree = "<group>"; };
		A0B601EC234679D000C5DC81 /* Info.plist */ = {isa = PBXFileReference; lastKnownFileType = text.plist.xml; path = Info.plist; sourceTree = "<group>"; };
		A0B601F1234679D000C5DC81 /* testTests.xctest */ = {isa = PBXFileReference; explicitFileType = wrapper.cfbundle; includeInIndex = 0; path = testTests.xctest; sourceTree = BUILT_PRODUCTS_DIR; };
		A0B601F5234679D000C5DC81 /* testTests.swift */ = {isa = PBXFileReference; lastKnownFileType = sourcecode.swift; path = testTests.swift; sourceTree = "<group>"; };
		A0B601F7234679D000C5DC81 /* Info.plist */ = {isa = PBXFileReference; lastKnownFileType = text.plist.xml; path = Info.plist; sourceTree = "<group>"; };
		A0B601FC234679D000C5DC81 /* testUITests.xctest */ = {isa = PBXFileReference; explicitFileType = wrapper.cfbundle; includeInIndex = 0; path = testUITests.xctest; sourceTree = BUILT_PRODUCTS_DIR; };
		A0B60200234679D000C5DC81 /* testUITests.swift */ = {isa = PBXFileReference; lastKnownFileType = sourcecode.swift; path = testUITests.swift; sourceTree = "<group>"; };
		A0B60202234679D000C5DC81 /* Info.plist */ = {isa = PBXFileReference; lastKnownFileType = text.plist.xml; path = Info.plist; sourceTree = "<group>"; };
/* End PBXFileReference section */

/* Begin PBXFrameworksBuildPhase section */
		A0B601DA234679CF00C5DC81 /* Frameworks */ = {
			isa = PBXFrameworksBuildPhase;
			buildActionMask = 2147483647;
			files = (
			);
			runOnlyForDeploymentPostprocessing = 0;
		};
		A0B601EE234679D000C5DC81 /* Frameworks */ = {
			isa = PBXFrameworksBuildPhase;
			buildActionMask = 2147483647;
			files = (
			);
			runOnlyForDeploymentPostprocessing = 0;
		};
		A0B601F9234679D000C5DC81 /* Frameworks */ = {
			isa = PBXFrameworksBuildPhase;
			buildActionMask = 2147483647;
			files = (
			);
			runOnlyForDeploymentPostprocessing = 0;
		};
/* End PBXFrameworksBuildPhase section */

/* Begin PBXGroup section */
		A0B601D4234679CF00C5DC81 = {
			isa = PBXGroup;
			children = (
				A0B601DF234679CF00C5DC81 /* test */,
				A0B601F4234679D000C5DC81 /* testTests */,
				A0B601FF234679D000C5DC81 /* testUITests */,
				A0B601DE234679CF00C5DC81 /* Products */,
			);
			sourceTree = "<group>";
		};
		A0B601DE234679CF00C5DC81 /* Products */ = {
			isa = PBXGroup;
			children = (
				A0B601DD234679CF00C5DC81 /* test.app */,
				A0B601F1234679D000C5DC81 /* testTests.xctest */,
				A0B601FC234679D000C5DC81 /* testUITests.xctest */,
			);
			name = Products;
			sourceTree = "<group>";
		};
		A0B601DF234679CF00C5DC81 /* test */ = {
			isa = PBXGroup;
			children = (
				A0B601E0234679CF00C5DC81 /* AppDelegate.swift */,
				A0B601E2234679CF00C5DC81 /* ViewController.swift */,
				A0B601E4234679CF00C5DC81 /* Main.storyboard */,
				A0B601E7234679D000C5DC81 /* Assets.xcassets */,
				A0B601E9234679D000C5DC81 /* LaunchScreen.storyboard */,
				A0B601EC234679D000C5DC81 /* Info.plist */,
			);
			path = test;
			sourceTree = "<group>";
		};
		A0B601F4234679D000C5DC81 /* testTests */ = {
			isa = PBXGroup;
			children = (
				A0B601F5234679D000C5DC81 /* testTests.swift */,
				A0B601F7234679D000C5DC81 /* Info.plist */,
			);
			path = testTests;
			sourceTree = "<group>";
		};
		A0B601FF234679D000C5DC81 /* testUITests */ = {
			isa = PBXGroup;
			children = (
				A0B60200234679D000C5DC81 /* testUITests.swift */,
				A0B60202234679D000C5DC81 /* Info.plist */,
			);
			path = testUITests;
			sourceTree = "<group>";
		};
/* End PBXGroup section */

/* Begin PBXNativeTarget section */
		A0B601DC234679CF00C5DC81 /* test */ = {
			isa = PBXNativeTarget;
			buildConfigurationList = A0B60205234679D000C5DC81 /* Build configuration list for PBXNativeTarget "test" */;
			buildPhases = (
				A0B601D9234679CF00C5DC81 /* Sources */,
				A0B601DA234679CF00C5DC81 /* Frameworks */,
				A0B601DB234679CF00C5DC81 /* Resources */,
			);
			buildRules = (
			);
			dependencies = (
			);
			name = test;
			productName = test;
			productReference = A0B601DD234679CF00C5DC81 /* test.app */;
			productType = "com.apple.product-type.application";
		};
		A0B601F0234679D000C5DC81 /* testTests */ = {
			isa = PBXNativeTarget;
			buildConfigurationList = A0B60208234679D000C5DC81 /* Build configuration list for PBXNativeTarget "testTests" */;
			buildPhases = (
				A0B601ED234679D000C5DC81 /* Sources */,
				A0B601EE234679D000C5DC81 /* Frameworks */,
				A0B601EF234679D000C5DC81 /* Resources */,
			);
			buildRules = (
			);
			dependencies = (
				A0B601F3234679D000C5DC81 /* PBXTargetDependency */,
			);
			name = testTests;
			productName = testTests;
			productReference = A0B601F1234679D000C5DC81 /* testTests.xctest */;
			productType = "com.apple.product-type.bundle.unit-test";
		};
		A0B601FB234679D000C5DC81 /* testUITests */ = {
			isa = PBXNativeTarget;
			buildConfigurationList = A0B6020B234679D000C5DC81 /* Build configuration list for PBXNativeTarget "testUITests" */;
			buildPhases = (
				A0B601F8234679D000C5DC81 /* Sources */,
				A0B601F9234679D000C5DC81 /* Frameworks */,
				A0B601FA234679D000C5DC81 /* Resources */,
			);
			buildRules = (
			);
			dependencies = (
				A0B601FE234679D000C5DC81 /* PBXTargetDependency */,
			);
			name = testUITests;
			productName = testUITests;
			productReference = A0B601FC234679D000C5DC81 /* testUITests.xctest */;
			productType = "com.apple.product-type.bundle.ui-testing";
		};
/* End PBXNativeTarget section */

/* Begin PBXProject section */
		A0B601D5234679CF00C5DC81 /* Project object */ = {
			isa = PBXProject;
			attributes = {
				LastSwiftUpdateCheck = 1030;
				LastUpgradeCheck = 1030;
				ORGANIZATIONNAME = "Jack And Alex";
				TargetAttributes = {
					A0B601DC234679CF00C5DC81 = {
						CreatedOnToolsVersion = 10.3;
					};
					A0B601F0234679D000C5DC81 = {
						CreatedOnToolsVersion = 10.3;
						TestTargetID = A0B601DC234679CF00C5DC81;
					};
					A0B601FB234679D000C5DC81 = {
						CreatedOnToolsVersion = 10.3;
						TestTargetID = A0B601DC234679CF00C5DC81;
					};
				};
			};
			buildConfigurationList = A0B601D8234679CF00C5DC81 /* Build configuration list for PBXProject "test" */;
			compatibilityVersion = "Xcode 9.3";
			developmentRegion = en;
			hasScannedForEncodings = 0;
			knownRegions = (
				en,
				Base,
			);
			mainGroup = A0B601D4234679CF00C5DC81;
			productRefGroup = A0B601DE234679CF00C5DC81 /* Products */;
			projectDirPath = "";
			projectRoot = "";
			targets = (
				A0B601DC234679CF00C5DC81 /* test */,
				A0B601F0234679D000C5DC81 /* testTests */,
				A0B601FB234679D000C5DC81 /* testUITests */,
			);
		};
/* End PBXProject section */

/* Begin PBXResourcesBuildPhase section */
		A0B601DB234679CF00C5DC81 /* Resources */ = {
			isa = PBXResourcesBuildPhase;
			buildActionMask = 2147483647;
			files = (
				A0B601EB234679D000C5DC81 /* LaunchScreen.storyboard in Resources */,
				A0B601E8234679D000C5DC81 /* Assets.xcassets in Resources */,
				A0B601E6234679CF00C5DC81 /* Main.storyboard in Resources */,
			);
			runOnlyForDeploymentPostprocessing = 0;
		};
		A0B601EF234679D000C5DC81 /* Resources */ = {
			isa = PBXResourcesBuildPhase;
			buildActionMask = 2147483647;
			files = (
			);
			runOnlyForDeploymentPostprocessing = 0;
		};
		A0B601FA234679D000C5DC81 /* Resources */ = {
			isa = PBXResourcesBuildPhase;
			buildActionMask = 2147483647;
			files = (
			);
			runOnlyForDeploymentPostprocessing = 0;
		};
/* End PBXResourcesBuildPhase section */

/* Begin PBXSourcesBuildPhase section */
		A0B601D9234679CF00C5DC81 /* Sources */ = {
			isa = PBXSourcesBuildPhase;
			buildActionMask = 2147483647;
			files = (
				A0B601E3234679CF00C5DC81 /* ViewController.swift in Sources */,
				A0B601E1234679CF00C5DC81 /* AppDelegate.swift in Sources */,
			);
			runOnlyForDeploymentPostprocessing = 0;
		};
		A0B601ED234679D000C5DC81 /* Sources */ = {
			isa = PBXSourcesBuildPhase;
			buildActionMask = 2147483647;
			files = (
				A0B601F6234679D000C5DC81 /* testTests.swift in Sources */,
			);
			runOnlyForDeploymentPostprocessing = 0;
		};
		A0B601F8234679D000C5DC81 /* Sources */ = {
			isa = PBXSourcesBuildPhase;
			buildActionMask = 2147483647;
			files = (
				A0B60201234679D000C5DC81 /* testUITests.swift in Sources */,
			);
			runOnlyForDeploymentPostprocessing = 0;
		};
/* End PBXSourcesBuildPhase section */

/* Begin PBXTargetDependency section */
		A0B601F3234679D000C5DC81 /* PBXTargetDependency */ = {
			isa = PBXTargetDependency;
			target = A0B601DC234679CF00C5DC81 /* test */;
			targetProxy = A0B601F2234679D000C5DC81 /* PBXContainerItemProxy */;
		};
		A0B601FE234679D000C5DC81 /* PBXTargetDependency */ = {
			isa = PBXTargetDependency;
			target = A0B601DC234679CF00C5DC81 /* test */;
			targetProxy = A0B601FD234679D000C5DC81 /* PBXContainerItemProxy */;
		};
/* End PBXTargetDependency section */

/* Begin PBXVariantGroup section */
		A0B601E4234679CF00C5DC81 /* Main.storyboard */ = {
			isa = PBXVariantGroup;
			children = (
				A0B601E5234679CF00C5DC81 /* Base */,
			);
			name = Main.storyboard;
			sourceTree = "<group>";
		};
		A0B601E9234679D000C5DC81 /* LaunchScreen.storyboard */ = {
			isa = PBXVariantGroup;
			children = (
				A0B601EA234679D000C5DC81 /* Base */,
			);
			name = LaunchScreen.storyboard;
			sourceTree = "<group>";
		};
/* End PBXVariantGroup section */

/* Begin XCBuildConfiguration section */
		A0B60203234679D000C5DC81 /* Debug */ = {
			isa = XCBuildConfiguration;
			buildSettings = {
				ALWAYS_SEARCH_USER_PATHS = NO;
				CLANG_ANALYZER_NONNULL = YES;
				CLANG_ANALYZER_NUMBER_OBJECT_CONVERSION = YES_AGGRESSIVE;
				CLANG_CXX_LANGUAGE_STANDARD = "gnu++14";
				CLANG_CXX_LIBRARY = "libc++";
				CLANG_ENABLE_MODULES = YES;
				CLANG_ENABLE_OBJC_ARC = YES;
				CLANG_ENABLE_OBJC_WEAK = YES;
				CLANG_WARN_BLOCK_CAPTURE_AUTORELEASING = YES;
				CLANG_WARN_BOOL_CONVERSION = YES;
				CLANG_WARN_COMMA = YES;
				CLANG_WARN_CONSTANT_CONVERSION = YES;
				CLANG_WARN_DEPRECATED_OBJC_IMPLEMENTATIONS = YES;
				CLANG_WARN_DIRECT_OBJC_ISA_USAGE = YES_ERROR;
				CLANG_WARN_DOCUMENTATION_COMMENTS = YES;
				CLANG_WARN_EMPTY_BODY = YES;
				CLANG_WARN_ENUM_CONVERSION = YES;
				CLANG_WARN_INFINITE_RECURSION = YES;
				CLANG_WARN_INT_CONVERSION = YES;
				CLANG_WARN_NON_LITERAL_NULL_CONVERSION = YES;
				CLANG_WARN_OBJC_IMPLICIT_RETAIN_SELF = YES;
				CLANG_WARN_OBJC_LITERAL_CONVERSION = YES;
				CLANG_WARN_OBJC_ROOT_CLASS = YES_ERROR;
				CLANG_WARN_RANGE_LOOP_ANALYSIS = YES;
				CLANG_WARN_STRICT_PROTOTYPES = YES;
				CLANG_WARN_SUSPICIOUS_MOVE = YES;
				CLANG_WARN_UNGUARDED_AVAILABILITY = YES_AGGRESSIVE;
				CLANG_WARN_UNREACHABLE_CODE = YES;
				CLANG_WARN__DUPLICATE_METHOD_MATCH = YES;
				CODE_SIGN_IDENTITY = "iPhone Developer";
				COPY_PHASE_STRIP = NO;
				DEBUG_INFORMATION_FORMAT = dwarf;
				ENABLE_STRICT_OBJC_MSGSEND = YES;
				ENABLE_TESTABILITY = YES;
				GCC_C_LANGUAGE_STANDARD = gnu11;
				GCC_DYNAMIC_NO_PIC = NO;
				GCC_NO_COMMON_BLOCKS = YES;
				GCC_OPTIMIZATION_LEVEL = 0;
				GCC_PREPROCESSOR_DEFINITIONS = (
					"DEBUG=1",
					"$(inherited)",
				);
				GCC_WARN_64_TO_32_BIT_CONVERSION = YES;
				GCC_WARN_ABOUT_RETURN_TYPE = YES_ERROR;
				GCC_WARN_UNDECLARED_SELECTOR = YES;
				GCC_WARN_UNINITIALIZED_AUTOS = YES_AGGRESSIVE;
				GCC_WARN_UNUSED_FUNCTION = YES;
				GCC_WARN_UNUSED_VARIABLE = YES;
				IPHONEOS_DEPLOYMENT_TARGET = 12.4;
				MTL_ENABLE_DEBUG_INFO = INCLUDE_SOURCE;
				MTL_FAST_MATH = YES;
				ONLY_ACTIVE_ARCH = YES;
				SDKROOT = iphoneos;
				SWIFT_ACTIVE_COMPILATION_CONDITIONS = DEBUG;
				SWIFT_OPTIMIZATION_LEVEL = "-Onone";
			};
			name = Debug;
		};
		A0B60204234679D000C5DC81 /* Release */ = {
			isa = XCBuildConfiguration;
			buildSettings = {
				ALWAYS_SEARCH_USER_PATHS = NO;
				CLANG_ANALYZER_NONNULL = YES;
				CLANG_ANALYZER_NUMBER_OBJECT_CONVERSION = YES_AGGRESSIVE;
				CLANG_CXX_LANGUAGE_STANDARD = "gnu++14";
				CLANG_CXX_LIBRARY = "libc++";
				CLANG_ENABLE_MODULES = YES;
				CLANG_ENABLE_OBJC_ARC = YES;
				CLANG_ENABLE_OBJC_WEAK = YES;
				CLANG_WARN_BLOCK_CAPTURE_AUTORELEASING = YES;
				CLANG_WARN_BOOL_CONVERSION = YES;
				CLANG_WARN_COMMA = YES;
				CLANG_WARN_CONSTANT_CONVERSION = YES;
				CLANG_WARN_DEPRECATED_OBJC_IMPLEMENTATIONS = YES;
				CLANG_WARN_DIRECT_OBJC_ISA_USAGE = YES_ERROR;
				CLANG_WARN_DOCUMENTATION_COMMENTS = YES;
				CLANG_WARN_EMPTY_BODY = YES;
				CLANG_WARN_ENUM_CONVERSION = YES;
				CLANG_WARN_INFINITE_RECURSION = YES;
				CLANG_WARN_INT_CONVERSION = YES;
				CLANG_WARN_NON_LITERAL_NULL_CONVERSION = YES;
				CLANG_WARN_OBJC_IMPLICIT_RETAIN_SELF = YES;
				CLANG_WARN_OBJC_LITERAL_CONVERSION = YES;
				CLANG_WARN_OBJC_ROOT_CLASS = YES_ERROR;
				CLANG_WARN_RANGE_LOOP_ANALYSIS = YES;
				CLANG_WARN_STRICT_PROTOTYPES = YES;
				CLANG_WARN_SUSPICIOUS_MOVE = YES;
				CLANG_WARN_UNGUARDED_AVAILABILITY = YES_AGGRESSIVE;
				CLANG_WARN_UNREACHABLE_CODE = YES;
				CLANG_WARN__DUPLICATE_METHOD_MATCH = YES;
				CODE_SIGN_IDENTITY = "iPhone Developer";
				COPY_PHASE_STRIP = NO;
				DEBUG_INFORMATION_FORMAT = "dwarf-with-dsym";
				ENABLE_NS_ASSERTIONS = NO;
				ENABLE_STRICT_OBJC_MSGSEND = YES;
				GCC_C_LANGUAGE_STANDARD = gnu11;
				GCC_NO_COMMON_BLOCKS = YES;
				GCC_WARN_64_TO_32_BIT_CONVERSION = YES;
				GCC_WARN_ABOUT_RETURN_TYPE = YES_ERROR;
				GCC_WARN_UNDECLARED_SELECTOR = YES;
				GCC_WARN_UNINITIALIZED_AUTOS = YES_AGGRESSIVE;
				GCC_WARN_UNUSED_FUNCTION = YES;
				GCC_WARN_UNUSED_VARIABLE = YES;
				IPHONEOS_DEPLOYMENT_TARGET = 12.4;
				MTL_ENABLE_DEBUG_INFO = NO;
				MTL_FAST_MATH = YES;
				SDKROOT = iphoneos;
				SWIFT_COMPILATION_MODE = wholemodule;
				SWIFT_OPTIMIZATION_LEVEL = "-O";
				VALIDATE_PRODUCT = YES;
			};
			name = Release;
		};
		A0B60206234679D000C5DC81 /* Debug */ = {
			isa = XCBuildConfiguration;
			buildSettings = {
				ASSETCATALOG_COMPILER_APPICON_NAME = AppIcon;
				CODE_SIGN_STYLE = Automatic;
				INFOPLIST_FILE = test/Info.plist;
				LD_RUNPATH_SEARCH_PATHS = (
					"$(inherited)",
					"@executable_path/Frameworks",
				);
				PRODUCT_BUNDLE_IDENTIFIER = org.friscoisd.test;
				PRODUCT_NAME = "$(TARGET_NAME)";
				SWIFT_VERSION = 5.0;
				TARGETED_DEVICE_FAMILY = "1,2";
			};
			name = Debug;
		};
		A0B60207234679D000C5DC81 /* Release */ = {
			isa = XCBuildConfiguration;
			buildSettings = {
				ASSETCATALOG_COMPILER_APPICON_NAME = AppIcon;
				CODE_SIGN_STYLE = Automatic;
				INFOPLIST_FILE = test/Info.plist;
				LD_RUNPATH_SEARCH_PATHS = (
					"$(inherited)",
					"@executable_path/Frameworks",
				);
				PRODUCT_BUNDLE_IDENTIFIER = org.friscoisd.test;
				PRODUCT_NAME = "$(TARGET_NAME)";
				SWIFT_VERSION = 5.0;
				TARGETED_DEVICE_FAMILY = "1,2";
			};
			name = Release;
		};
		A0B60209234679D000C5DC81 /* Debug */ = {
			isa = XCBuildConfiguration;
			buildSettings = {
				ALWAYS_EMBED_SWIFT_STANDARD_LIBRARIES = YES;
				BUNDLE_LOADER = "$(TEST_HOST)";
				CODE_SIGN_STYLE = Automatic;
				INFOPLIST_FILE = testTests/Info.plist;
				LD_RUNPATH_SEARCH_PATHS = (
					"$(inherited)",
					"@executable_path/Frameworks",
					"@loader_path/Frameworks",
				);
				PRODUCT_BUNDLE_IDENTIFIER = org.friscoisd.testTests;
				PRODUCT_NAME = "$(TARGET_NAME)";
				SWIFT_VERSION = 5.0;
				TARGETED_DEVICE_FAMILY = "1,2";
				TEST_HOST = "$(BUILT_PRODUCTS_DIR)/test.app/test";
			};
			name = Debug;
		};
		A0B6020A234679D000C5DC81 /* Release */ = {
			isa = XCBuildConfiguration;
			buildSettings = {
				ALWAYS_EMBED_SWIFT_STANDARD_LIBRARIES = YES;
				BUNDLE_LOADER = "$(TEST_HOST)";
				CODE_SIGN_STYLE = Automatic;
				INFOPLIST_FILE = testTests/Info.plist;
				LD_RUNPATH_SEARCH_PATHS = (
					"$(inherited)",
					"@executable_path/Frameworks",
					"@loader_path/Frameworks",
				);
				PRODUCT_BUNDLE_IDENTIFIER = org.friscoisd.testTests;
				PRODUCT_NAME = "$(TARGET_NAME)";
				SWIFT_VERSION = 5.0;
				TARGETED_DEVICE_FAMILY = "1,2";
				TEST_HOST = "$(BUILT_PRODUCTS_DIR)/test.app/test";
			};
			name = Release;
		};
		A0B6020C234679D000C5DC81 /* Debug */ = {
			isa = XCBuildConfiguration;
			buildSettings = {
				ALWAYS_EMBED_SWIFT_STANDARD_LIBRARIES = YES;
				CODE_SIGN_STYLE = Automatic;
				INFOPLIST_FILE = testUITests/Info.plist;
				LD_RUNPATH_SEARCH_PATHS = (
					"$(inherited)",
					"@executable_path/Frameworks",
					"@loader_path/Frameworks",
				);
				PRODUCT_BUNDLE_IDENTIFIER = org.friscoisd.testUITests;
				PRODUCT_NAME = "$(TARGET_NAME)";
				SWIFT_VERSION = 5.0;
				TARGETED_DEVICE_FAMILY = "1,2";
				TEST_TARGET_NAME = test;
			};
			name = Debug;
		};
		A0B6020D234679D000C5DC81 /* Release */ = {
			isa = XCBuildConfiguration;
			buildSettings = {
				ALWAYS_EMBED_SWIFT_STANDARD_LIBRARIES = YES;
				CODE_SIGN_STYLE = Automatic;
				INFOPLIST_FILE = testUITests/Info.plist;
				LD_RUNPATH_SEARCH_PATHS = (
					"$(inherited)",
					"@executable_path/Frameworks",
					"@loader_path/Frameworks",
				);
				PRODUCT_BUNDLE_IDENTIFIER = org.friscoisd.testUITests;
				PRODUCT_NAME = "$(TARGET_NAME)";
				SWIFT_VERSION = 5.0;
				TARGETED_DEVICE_FAMILY = "1,2";
				TEST_TARGET_NAME = test;
			};
			name = Release;
		};
/* End XCBuildConfiguration section */

/* Begin XCConfigurationList section */
		A0B601D8234679CF00C5DC81 /* Build configuration list for PBXProject "test" */ = {
			isa = XCConfigurationList;
			buildConfigurations = (
				A0B60203234679D000C5DC81 /* Debug */,
				A0B60204234679D000C5DC81 /* Release */,
			);
			defaultConfigurationIsVisible = 0;
			defaultConfigurationName = Release;
		};
		A0B60205234679D000C5DC81 /* Build configuration list for PBXNativeTarget "test" */ = {
			isa = XCConfigurationList;
			buildConfigurations = (
				A0B60206234679D000C5DC81 /* Debug */,
				A0B60207234679D000C5DC81 /* Release */,
			);
			defaultConfigurationIsVisible = 0;
			defaultConfigurationName = Release;
		};
		A0B60208234679D000C5DC81 /* Build configuration list for PBXNativeTarget "testTests" */ = {
			isa = XCConfigurationList;
			buildConfigurations = (
				A0B60209234679D000C5DC81 /* Debug */,
				A0B6020A234679D000C5DC81 /* Release */,
			);
			defaultConfigurationIsVisible = 0;
			defaultConfigurationName = Release;
		};
		A0B6020B234679D000C5DC81 /* Build configuration list for PBXNativeTarget "testUITests" */ = {
			isa = XCConfigurationList;
			buildConfigurations = (
				A0B6020C234679D000C5DC81 /* Debug */,
				A0B6020D234679D000C5DC81 /* Release */,
			);
			defaultConfigurationIsVisible = 0;
			defaultConfigurationName = Release;
		};
/* End XCConfigurationList section */
	};
	rootObject = A0B601D5234679CF00C5DC81 /* Project object */;
}
